// !$*UTF8*$!
{
	archiveVersion = 1;
	classes = {
	};
	objectVersion = 55;
	objects = {

/* Begin PBXBuildFile section */
		593FC32D2861365800079B70 /* OnwerObserver.swift in Sources */ = {isa = PBXBuildFile; fileRef = 593FC32C2861365800079B70 /* OnwerObserver.swift */; };
		59689CC12861429E00EB98B1 /* ActivityObservable.swift in Sources */ = {isa = PBXBuildFile; fileRef = 59689CC02861429E00EB98B1 /* ActivityObservable.swift */; };
		598DCAB6285BC2F40018C4DB /* User.swift in Sources */ = {isa = PBXBuildFile; fileRef = 598DCAB5285BC2F40018C4DB /* User.swift */; };
		598DCAB8285BC50C0018C4DB /* Traveler.swift in Sources */ = {isa = PBXBuildFile; fileRef = 598DCAB7285BC50C0018C4DB /* Traveler.swift */; };
		59B0168528517CB20047570D /* (null) in Resources */ = {isa = PBXBuildFile; };
		59C88FCD2860D5C200C12C74 /* Owner.swift in Sources */ = {isa = PBXBuildFile; fileRef = 59C88FCC2860D5C200C12C74 /* Owner.swift */; };
		59C88FCF2860E20600C12C74 /* OwnerProfileScreenTableViewController.swift in Sources */ = {isa = PBXBuildFile; fileRef = 59C88FCE2860E20600C12C74 /* OwnerProfileScreenTableViewController.swift */; };
		59C88FD12860F31000C12C74 /* OwnerPlacesCollectionViewCell.swift in Sources */ = {isa = PBXBuildFile; fileRef = 59C88FD02860F31000C12C74 /* OwnerPlacesCollectionViewCell.swift */; };
		59C88FD32860F57500C12C74 /* OwnerPlacesCollectionViewController.swift in Sources */ = {isa = PBXBuildFile; fileRef = 59C88FD22860F57500C12C74 /* OwnerPlacesCollectionViewController.swift */; };
		59C88FD52860FB4600C12C74 /* DataPlaces.swift in Sources */ = {isa = PBXBuildFile; fileRef = 59C88FD42860FB4600C12C74 /* DataPlaces.swift */; };
		B91742C3285A5C3A0098AB01 /* OwnerProfileViewController.swift in Sources */ = {isa = PBXBuildFile; fileRef = B91742C2285A5C3A0098AB01 /* OwnerProfileViewController.swift */; };
		B91742C9285A645C0098AB01 /* SearchPlaceTableViewCell.swift in Sources */ = {isa = PBXBuildFile; fileRef = B91742C8285A645C0098AB01 /* SearchPlaceTableViewCell.swift */; };
		B91742CF285A83DE0098AB01 /* ReviewTableViewCell.swift in Sources */ = {isa = PBXBuildFile; fileRef = B91742CE285A83DE0098AB01 /* ReviewTableViewCell.swift */; };
		B91742D1285A87710098AB01 /* Review.swift in Sources */ = {isa = PBXBuildFile; fileRef = B91742D0285A87710098AB01 /* Review.swift */; };
		B95A1D2A28502FA1006C649A /* Place.swift in Sources */ = {isa = PBXBuildFile; fileRef = B95A1D2928502FA1006C649A /* Place.swift */; };
		B9967EDB284BE51800194A60 /* PlaceViewController.swift in Sources */ = {isa = PBXBuildFile; fileRef = B9967EDA284BE51800194A60 /* PlaceViewController.swift */; };
		B9BAB0BC284AC07D0096F3E3 /* MenuViewController.swift in Sources */ = {isa = PBXBuildFile; fileRef = B9BAB0BB284AC07D0096F3E3 /* MenuViewController.swift */; };
		B9E00749284BB36A002607C7 /* SearchTableViewController.swift in Sources */ = {isa = PBXBuildFile; fileRef = B9E00748284BB36A002607C7 /* SearchTableViewController.swift */; };
		B9E60DA728554E5C00AAB18C /* MapIcon.swift in Sources */ = {isa = PBXBuildFile; fileRef = B9E60DA628554E5C00AAB18C /* MapIcon.swift */; };
		B9E60DA928554E7C00AAB18C /* MapIconDetail.swift in Sources */ = {isa = PBXBuildFile; fileRef = B9E60DA828554E7C00AAB18C /* MapIconDetail.swift */; };
		B9E60DAB28554EFB00AAB18C /* MapViewController.swift in Sources */ = {isa = PBXBuildFile; fileRef = B9E60DAA28554EFB00AAB18C /* MapViewController.swift */; };
		B9E60DAD2855511100AAB18C /* locations.geojson in Resources */ = {isa = PBXBuildFile; fileRef = B9E60DAC2855511000AAB18C /* locations.geojson */; };
		B9F7C9B928459E870028ABC3 /* AppDelegate.swift in Sources */ = {isa = PBXBuildFile; fileRef = B9F7C9B828459E870028ABC3 /* AppDelegate.swift */; };
		B9F7C9BB28459E870028ABC3 /* SceneDelegate.swift in Sources */ = {isa = PBXBuildFile; fileRef = B9F7C9BA28459E870028ABC3 /* SceneDelegate.swift */; };
		B9F7C9BD28459E870028ABC3 /* LoginViewController.swift in Sources */ = {isa = PBXBuildFile; fileRef = B9F7C9BC28459E870028ABC3 /* LoginViewController.swift */; };
		B9F7C9C028459E870028ABC3 /* Main.storyboard in Resources */ = {isa = PBXBuildFile; fileRef = B9F7C9BE28459E870028ABC3 /* Main.storyboard */; };
		B9F7C9C228459E890028ABC3 /* Assets.xcassets in Resources */ = {isa = PBXBuildFile; fileRef = B9F7C9C128459E890028ABC3 /* Assets.xcassets */; };
		B9F7C9C528459E890028ABC3 /* LaunchScreen.storyboard in Resources */ = {isa = PBXBuildFile; fileRef = B9F7C9C328459E890028ABC3 /* LaunchScreen.storyboard */; };
/* End PBXBuildFile section */

/* Begin PBXFileReference section */
		593FC32C2861365800079B70 /* OnwerObserver.swift */ = {isa = PBXFileReference; lastKnownFileType = sourcecode.swift; name = OnwerObserver.swift; path = LocalTour/model/OnwerObserver.swift; sourceTree = SOURCE_ROOT; };
		59689CC02861429E00EB98B1 /* ActivityObservable.swift */ = {isa = PBXFileReference; lastKnownFileType = sourcecode.swift; path = ActivityObservable.swift; sourceTree = "<group>"; };
		598DCAB5285BC2F40018C4DB /* User.swift */ = {isa = PBXFileReference; fileEncoding = 4; lastKnownFileType = sourcecode.swift; path = User.swift; sourceTree = "<group>"; };
		598DCAB7285BC50C0018C4DB /* Traveler.swift */ = {isa = PBXFileReference; lastKnownFileType = sourcecode.swift; path = Traveler.swift; sourceTree = "<group>"; };
		59C88FCC2860D5C200C12C74 /* Owner.swift */ = {isa = PBXFileReference; lastKnownFileType = sourcecode.swift; path = Owner.swift; sourceTree = "<group>"; };
		59C88FCE2860E20600C12C74 /* OwnerProfileScreenTableViewController.swift */ = {isa = PBXFileReference; lastKnownFileType = sourcecode.swift; name = OwnerProfileScreenTableViewController.swift; path = LocalTour/controller/OwnerProfileScreenTableViewController.swift; sourceTree = SOURCE_ROOT; };
		59C88FD02860F31000C12C74 /* OwnerPlacesCollectionViewCell.swift */ = {isa = PBXFileReference; lastKnownFileType = sourcecode.swift; path = OwnerPlacesCollectionViewCell.swift; sourceTree = "<group>"; };
		59C88FD22860F57500C12C74 /* OwnerPlacesCollectionViewController.swift */ = {isa = PBXFileReference; lastKnownFileType = sourcecode.swift; path = OwnerPlacesCollectionViewController.swift; sourceTree = "<group>"; };
		59C88FD42860FB4600C12C74 /* DataPlaces.swift */ = {isa = PBXFileReference; lastKnownFileType = sourcecode.swift; name = DataPlaces.swift; path = LocalTour/model/DataPlaces.swift; sourceTree = SOURCE_ROOT; };
		B91742C2285A5C3A0098AB01 /* OwnerProfileViewController.swift */ = {isa = PBXFileReference; lastKnownFileType = sourcecode.swift; path = OwnerProfileViewController.swift; sourceTree = "<group>"; };
		B91742C8285A645C0098AB01 /* SearchPlaceTableViewCell.swift */ = {isa = PBXFileReference; lastKnownFileType = sourcecode.swift; path = SearchPlaceTableViewCell.swift; sourceTree = "<group>"; };
		B91742CE285A83DE0098AB01 /* ReviewTableViewCell.swift */ = {isa = PBXFileReference; lastKnownFileType = sourcecode.swift; path = ReviewTableViewCell.swift; sourceTree = "<group>"; };
		B91742D0285A87710098AB01 /* Review.swift */ = {isa = PBXFileReference; lastKnownFileType = sourcecode.swift; path = Review.swift; sourceTree = "<group>"; };
		B95A1D2928502FA1006C649A /* Place.swift */ = {isa = PBXFileReference; lastKnownFileType = sourcecode.swift; path = Place.swift; sourceTree = "<group>"; };
		B9967EDA284BE51800194A60 /* PlaceViewController.swift */ = {isa = PBXFileReference; lastKnownFileType = sourcecode.swift; path = PlaceViewController.swift; sourceTree = "<group>"; };
		B9BAB0BB284AC07D0096F3E3 /* MenuViewController.swift */ = {isa = PBXFileReference; lastKnownFileType = sourcecode.swift; path = MenuViewController.swift; sourceTree = "<group>"; };
		B9E00748284BB36A002607C7 /* SearchTableViewController.swift */ = {isa = PBXFileReference; lastKnownFileType = sourcecode.swift; path = SearchTableViewController.swift; sourceTree = "<group>"; };
		B9E60DA628554E5C00AAB18C /* MapIcon.swift */ = {isa = PBXFileReference; lastKnownFileType = sourcecode.swift; path = MapIcon.swift; sourceTree = "<group>"; };
		B9E60DA828554E7C00AAB18C /* MapIconDetail.swift */ = {isa = PBXFileReference; lastKnownFileType = sourcecode.swift; path = MapIconDetail.swift; sourceTree = "<group>"; };
		B9E60DAA28554EFB00AAB18C /* MapViewController.swift */ = {isa = PBXFileReference; lastKnownFileType = sourcecode.swift; path = MapViewController.swift; sourceTree = "<group>"; };
		B9E60DAC2855511000AAB18C /* locations.geojson */ = {isa = PBXFileReference; fileEncoding = 4; lastKnownFileType = text; path = locations.geojson; sourceTree = "<group>"; };
		B9F7C9B528459E870028ABC3 /* LocalTour.app */ = {isa = PBXFileReference; explicitFileType = wrapper.application; includeInIndex = 0; path = LocalTour.app; sourceTree = BUILT_PRODUCTS_DIR; };
		B9F7C9B828459E870028ABC3 /* AppDelegate.swift */ = {isa = PBXFileReference; lastKnownFileType = sourcecode.swift; path = AppDelegate.swift; sourceTree = "<group>"; };
		B9F7C9BA28459E870028ABC3 /* SceneDelegate.swift */ = {isa = PBXFileReference; lastKnownFileType = sourcecode.swift; path = SceneDelegate.swift; sourceTree = "<group>"; };
		B9F7C9BC28459E870028ABC3 /* LoginViewController.swift */ = {isa = PBXFileReference; lastKnownFileType = sourcecode.swift; path = LoginViewController.swift; sourceTree = "<group>"; };
		B9F7C9BF28459E870028ABC3 /* Base */ = {isa = PBXFileReference; lastKnownFileType = file.storyboard; name = Base; path = Base.lproj/Main.storyboard; sourceTree = "<group>"; };
		B9F7C9C128459E890028ABC3 /* Assets.xcassets */ = {isa = PBXFileReference; lastKnownFileType = folder.assetcatalog; path = Assets.xcassets; sourceTree = "<group>"; };
		B9F7C9C428459E890028ABC3 /* Base */ = {isa = PBXFileReference; lastKnownFileType = file.storyboard; name = Base; path = Base.lproj/LaunchScreen.storyboard; sourceTree = "<group>"; };
		B9F7C9C628459E890028ABC3 /* Info.plist */ = {isa = PBXFileReference; lastKnownFileType = text.plist.xml; path = Info.plist; sourceTree = "<group>"; };
/* End PBXFileReference section */

/* Begin PBXFrameworksBuildPhase section */
		B9F7C9B228459E870028ABC3 /* Frameworks */ = {
			isa = PBXFrameworksBuildPhase;
			buildActionMask = 2147483647;
			files = (
			);
			runOnlyForDeploymentPostprocessing = 0;
		};
/* End PBXFrameworksBuildPhase section */

/* Begin PBXGroup section */
		B911739328514B3B00B3A869 /* map */ = {
			isa = PBXGroup;
			children = (
				B9E60DAC2855511000AAB18C /* locations.geojson */,
				B9E60DA628554E5C00AAB18C /* MapIcon.swift */,
				B9E60DAA28554EFB00AAB18C /* MapViewController.swift */,
				B9E60DA828554E7C00AAB18C /* MapIconDetail.swift */,
			);
			path = map;
			sourceTree = "<group>";
		};
		B91742C1285A4F930098AB01 /* view */ = {
			isa = PBXGroup;
			children = (
				B9F7C9C328459E890028ABC3 /* LaunchScreen.storyboard */,
				B9F7C9BE28459E870028ABC3 /* Main.storyboard */,
			);
			path = view;
			sourceTree = "<group>";
		};
		B91742C7285A64330098AB01 /* tableViewCell */ = {
			isa = PBXGroup;
			children = (
				B91742C8285A645C0098AB01 /* SearchPlaceTableViewCell.swift */,
				B91742CE285A83DE0098AB01 /* ReviewTableViewCell.swift */,
			);
			path = tableViewCell;
			sourceTree = "<group>";
		};
		B98F028C285955E30074D0A8 /* controller */ = {
			isa = PBXGroup;
			children = (
				59C88FCE2860E20600C12C74 /* OwnerProfileScreenTableViewController.swift */,
				59C88FD02860F31000C12C74 /* OwnerPlacesCollectionViewCell.swift */,
				59C88FD22860F57500C12C74 /* OwnerPlacesCollectionViewController.swift */,
				B91742C7285A64330098AB01 /* tableViewCell */,
				B911739328514B3B00B3A869 /* map */,
				B9967EDA284BE51800194A60 /* PlaceViewController.swift */,
				B9F7C9BC28459E870028ABC3 /* LoginViewController.swift */,
				B9E00748284BB36A002607C7 /* SearchTableViewController.swift */,
				B9BAB0BB284AC07D0096F3E3 /* MenuViewController.swift */,
				B91742C2285A5C3A0098AB01 /* OwnerProfileViewController.swift */,
			);
			path = controller;
			sourceTree = "<group>";
		};
		B9DA67BD2859545600C56C4B /* model */ = {
			isa = PBXGroup;
			children = (
				B95A1D2928502FA1006C649A /* Place.swift */,
				59C88FD42860FB4600C12C74 /* DataPlaces.swift */,
				B91742D0285A87710098AB01 /* Review.swift */,
				598DCAB5285BC2F40018C4DB /* User.swift */,
				59C88FCC2860D5C200C12C74 /* Owner.swift */,
				598DCAB7285BC50C0018C4DB /* Traveler.swift */,
				593FC32C2861365800079B70 /* OnwerObserver.swift */,
				59689CC02861429E00EB98B1 /* ActivityObservable.swift */,
			);
			path = model;
			sourceTree = "<group>";
		};
		B9F7C9AC28459E870028ABC3 = {
			isa = PBXGroup;
			children = (
				B9F7C9B728459E870028ABC3 /* LocalTour */,
				B9F7C9B628459E870028ABC3 /* Products */,
			);
			sourceTree = "<group>";
		};
		B9F7C9B628459E870028ABC3 /* Products */ = {
			isa = PBXGroup;
			children = (
				B9F7C9B528459E870028ABC3 /* LocalTour.app */,
			);
			name = Products;
			sourceTree = "<group>";
		};
		B9F7C9B728459E870028ABC3 /* LocalTour */ = {
			isa = PBXGroup;
			children = (
				B9DA67BD2859545600C56C4B /* model */,
				B9F7C9B828459E870028ABC3 /* AppDelegate.swift */,
				B9F7C9BA28459E870028ABC3 /* SceneDelegate.swift */,
				B91742C1285A4F930098AB01 /* view */,
				B98F028C285955E30074D0A8 /* controller */,
				B9F7C9C128459E890028ABC3 /* Assets.xcassets */,
				B9F7C9C628459E890028ABC3 /* Info.plist */,
			);
			path = LocalTour;
			sourceTree = "<group>";
		};
/* End PBXGroup section */

/* Begin PBXNativeTarget section */
		B9F7C9B428459E870028ABC3 /* LocalTour */ = {
			isa = PBXNativeTarget;
			buildConfigurationList = B9F7C9C928459E890028ABC3 /* Build configuration list for PBXNativeTarget "LocalTour" */;
			buildPhases = (
				B9F7C9B128459E870028ABC3 /* Sources */,
				B9F7C9B228459E870028ABC3 /* Frameworks */,
				B9F7C9B328459E870028ABC3 /* Resources */,
			);
			buildRules = (
			);
			dependencies = (
			);
			name = LocalTour;
			productName = LocalTour;
			productReference = B9F7C9B528459E870028ABC3 /* LocalTour.app */;
			productType = "com.apple.product-type.application";
		};
/* End PBXNativeTarget section */

/* Begin PBXProject section */
		B9F7C9AD28459E870028ABC3 /* Project object */ = {
			isa = PBXProject;
			attributes = {
				BuildIndependentTargetsInParallel = 1;
				LastSwiftUpdateCheck = 1340;
				LastUpgradeCheck = 1340;
				TargetAttributes = {
					B9F7C9B428459E870028ABC3 = {
						CreatedOnToolsVersion = 13.4;
					};
				};
			};
			buildConfigurationList = B9F7C9B028459E870028ABC3 /* Build configuration list for PBXProject "LocalTour" */;
			compatibilityVersion = "Xcode 13.0";
			developmentRegion = en;
			hasScannedForEncodings = 0;
			knownRegions = (
				en,
				Base,
			);
			mainGroup = B9F7C9AC28459E870028ABC3;
			productRefGroup = B9F7C9B628459E870028ABC3 /* Products */;
			projectDirPath = "";
			projectRoot = "";
			targets = (
				B9F7C9B428459E870028ABC3 /* LocalTour */,
			);
		};
/* End PBXProject section */

/* Begin PBXResourcesBuildPhase section */
		B9F7C9B328459E870028ABC3 /* Resources */ = {
			isa = PBXResourcesBuildPhase;
			buildActionMask = 2147483647;
			files = (
				B9F7C9C528459E890028ABC3 /* LaunchScreen.storyboard in Resources */,
				59B0168528517CB20047570D /* (null) in Resources */,
				B9F7C9C228459E890028ABC3 /* Assets.xcassets in Resources */,
				B9E60DAD2855511100AAB18C /* locations.geojson in Resources */,
				B9F7C9C028459E870028ABC3 /* Main.storyboard in Resources */,
			);
			runOnlyForDeploymentPostprocessing = 0;
		};
/* End PBXResourcesBuildPhase section */

/* Begin PBXSourcesBuildPhase section */
		B9F7C9B128459E870028ABC3 /* Sources */ = {
			isa = PBXSourcesBuildPhase;
			buildActionMask = 2147483647;
			files = (
				B91742C3285A5C3A0098AB01 /* OwnerProfileViewController.swift in Sources */,
				B9E60DA728554E5C00AAB18C /* MapIcon.swift in Sources */,
				59C88FD32860F57500C12C74 /* OwnerPlacesCollectionViewController.swift in Sources */,
				B9967EDB284BE51800194A60 /* PlaceViewController.swift in Sources */,
				B9F7C9BD28459E870028ABC3 /* LoginViewController.swift in Sources */,
				B91742CF285A83DE0098AB01 /* ReviewTableViewCell.swift in Sources */,
				B9F7C9B928459E870028ABC3 /* AppDelegate.swift in Sources */,
				59689CC12861429E00EB98B1 /* ActivityObservable.swift in Sources */,
				B9E60DA928554E7C00AAB18C /* MapIconDetail.swift in Sources */,
				B95A1D2A28502FA1006C649A /* Place.swift in Sources */,
				598DCAB6285BC2F40018C4DB /* User.swift in Sources */,
				B9E00749284BB36A002607C7 /* SearchTableViewController.swift in Sources */,
				B91742D1285A87710098AB01 /* Review.swift in Sources */,
				B9F7C9BB28459E870028ABC3 /* SceneDelegate.swift in Sources */,
				B9BAB0BC284AC07D0096F3E3 /* MenuViewController.swift in Sources */,
				B9E60DAB28554EFB00AAB18C /* MapViewController.swift in Sources */,
				593FC32D2861365800079B70 /* OnwerObserver.swift in Sources */,
				59C88FCD2860D5C200C12C74 /* Owner.swift in Sources */,
				598DCAB8285BC50C0018C4DB /* Traveler.swift in Sources */,
				B91742C9285A645C0098AB01 /* SearchPlaceTableViewCell.swift in Sources */,
				59C88FD52860FB4600C12C74 /* DataPlaces.swift in Sources */,
				59C88FD12860F31000C12C74 /* OwnerPlacesCollectionViewCell.swift in Sources */,
				59C88FCF2860E20600C12C74 /* OwnerProfileScreenTableViewController.swift in Sources */,
			);
			runOnlyForDeploymentPostprocessing = 0;
		};
/* End PBXSourcesBuildPhase section */

/* Begin PBXVariantGroup section */
		B9F7C9BE28459E870028ABC3 /* Main.storyboard */ = {
			isa = PBXVariantGroup;
			children = (
				B9F7C9BF28459E870028ABC3 /* Base */,
			);
			name = Main.storyboard;
			sourceTree = "<group>";
		};
		B9F7C9C328459E890028ABC3 /* LaunchScreen.storyboard */ = {
			isa = PBXVariantGroup;
			children = (
				B9F7C9C428459E890028ABC3 /* Base */,
			);
			name = LaunchScreen.storyboard;
			sourceTree = "<group>";
		};
/* End PBXVariantGroup section */

/* Begin XCBuildConfiguration section */
		B9F7C9C728459E890028ABC3 /* Debug */ = {
			isa = XCBuildConfiguration;
			buildSettings = {
				ALWAYS_SEARCH_USER_PATHS = NO;
				CLANG_ANALYZER_NONNULL = YES;
				CLANG_ANALYZER_NUMBER_OBJECT_CONVERSION = YES_AGGRESSIVE;
				CLANG_CXX_LANGUAGE_STANDARD = "gnu++17";
				CLANG_ENABLE_MODULES = YES;
				CLANG_ENABLE_OBJC_ARC = YES;
				CLANG_ENABLE_OBJC_WEAK = YES;
				CLANG_WARN_BLOCK_CAPTURE_AUTORELEASING = YES;
				CLANG_WARN_BOOL_CONVERSION = YES;
				CLANG_WARN_COMMA = YES;
				CLANG_WARN_CONSTANT_CONVERSION = YES;
				CLANG_WARN_DEPRECATED_OBJC_IMPLEMENTATIONS = YES;
				CLANG_WARN_DIRECT_OBJC_ISA_USAGE = YES_ERROR;
				CLANG_WARN_DOCUMENTATION_COMMENTS = YES;
				CLANG_WARN_EMPTY_BODY = YES;
				CLANG_WARN_ENUM_CONVERSION = YES;
				CLANG_WARN_INFINITE_RECURSION = YES;
				CLANG_WARN_INT_CONVERSION = YES;
				CLANG_WARN_NON_LITERAL_NULL_CONVERSION = YES;
				CLANG_WARN_OBJC_IMPLICIT_RETAIN_SELF = YES;
				CLANG_WARN_OBJC_LITERAL_CONVERSION = YES;
				CLANG_WARN_OBJC_ROOT_CLASS = YES_ERROR;
				CLANG_WARN_QUOTED_INCLUDE_IN_FRAMEWORK_HEADER = YES;
				CLANG_WARN_RANGE_LOOP_ANALYSIS = YES;
				CLANG_WARN_STRICT_PROTOTYPES = YES;
				CLANG_WARN_SUSPICIOUS_MOVE = YES;
				CLANG_WARN_UNGUARDED_AVAILABILITY = YES_AGGRESSIVE;
				CLANG_WARN_UNREACHABLE_CODE = YES;
				CLANG_WARN__DUPLICATE_METHOD_MATCH = YES;
				COPY_PHASE_STRIP = NO;
				DEBUG_INFORMATION_FORMAT = dwarf;
				ENABLE_STRICT_OBJC_MSGSEND = YES;
				ENABLE_TESTABILITY = YES;
				GCC_C_LANGUAGE_STANDARD = gnu11;
				GCC_DYNAMIC_NO_PIC = NO;
				GCC_NO_COMMON_BLOCKS = YES;
				GCC_OPTIMIZATION_LEVEL = 0;
				GCC_PREPROCESSOR_DEFINITIONS = (
					"DEBUG=1",
					"$(inherited)",
				);
				GCC_WARN_64_TO_32_BIT_CONVERSION = YES;
				GCC_WARN_ABOUT_RETURN_TYPE = YES_ERROR;
				GCC_WARN_UNDECLARED_SELECTOR = YES;
				GCC_WARN_UNINITIALIZED_AUTOS = YES_AGGRESSIVE;
				GCC_WARN_UNUSED_FUNCTION = YES;
				GCC_WARN_UNUSED_VARIABLE = YES;
				IPHONEOS_DEPLOYMENT_TARGET = 15.5;
				MTL_ENABLE_DEBUG_INFO = INCLUDE_SOURCE;
				MTL_FAST_MATH = YES;
				ONLY_ACTIVE_ARCH = YES;
				SDKROOT = iphoneos;
				SWIFT_ACTIVE_COMPILATION_CONDITIONS = DEBUG;
				SWIFT_OPTIMIZATION_LEVEL = "-Onone";
			};
			name = Debug;
		};
		B9F7C9C828459E890028ABC3 /* Release */ = {
			isa = XCBuildConfiguration;
			buildSettings = {
				ALWAYS_SEARCH_USER_PATHS = NO;
				CLANG_ANALYZER_NONNULL = YES;
				CLANG_ANALYZER_NUMBER_OBJECT_CONVERSION = YES_AGGRESSIVE;
				CLANG_CXX_LANGUAGE_STANDARD = "gnu++17";
				CLANG_ENABLE_MODULES = YES;
				CLANG_ENABLE_OBJC_ARC = YES;
				CLANG_ENABLE_OBJC_WEAK = YES;
				CLANG_WARN_BLOCK_CAPTURE_AUTORELEASING = YES;
				CLANG_WARN_BOOL_CONVERSION = YES;
				CLANG_WARN_COMMA = YES;
				CLANG_WARN_CONSTANT_CONVERSION = YES;
				CLANG_WARN_DEPRECATED_OBJC_IMPLEMENTATIONS = YES;
				CLANG_WARN_DIRECT_OBJC_ISA_USAGE = YES_ERROR;
				CLANG_WARN_DOCUMENTATION_COMMENTS = YES;
				CLANG_WARN_EMPTY_BODY = YES;
				CLANG_WARN_ENUM_CONVERSION = YES;
				CLANG_WARN_INFINITE_RECURSION = YES;
				CLANG_WARN_INT_CONVERSION = YES;
				CLANG_WARN_NON_LITERAL_NULL_CONVERSION = YES;
				CLANG_WARN_OBJC_IMPLICIT_RETAIN_SELF = YES;
				CLANG_WARN_OBJC_LITERAL_CONVERSION = YES;
				CLANG_WARN_OBJC_ROOT_CLASS = YES_ERROR;
				CLANG_WARN_QUOTED_INCLUDE_IN_FRAMEWORK_HEADER = YES;
				CLANG_WARN_RANGE_LOOP_ANALYSIS = YES;
				CLANG_WARN_STRICT_PROTOTYPES = YES;
				CLANG_WARN_SUSPICIOUS_MOVE = YES;
				CLANG_WARN_UNGUARDED_AVAILABILITY = YES_AGGRESSIVE;
				CLANG_WARN_UNREACHABLE_CODE = YES;
				CLANG_WARN__DUPLICATE_METHOD_MATCH = YES;
				COPY_PHASE_STRIP = NO;
				DEBUG_INFORMATION_FORMAT = "dwarf-with-dsym";
				ENABLE_NS_ASSERTIONS = NO;
				ENABLE_STRICT_OBJC_MSGSEND = YES;
				GCC_C_LANGUAGE_STANDARD = gnu11;
				GCC_NO_COMMON_BLOCKS = YES;
				GCC_WARN_64_TO_32_BIT_CONVERSION = YES;
				GCC_WARN_ABOUT_RETURN_TYPE = YES_ERROR;
				GCC_WARN_UNDECLARED_SELECTOR = YES;
				GCC_WARN_UNINITIALIZED_AUTOS = YES_AGGRESSIVE;
				GCC_WARN_UNUSED_FUNCTION = YES;
				GCC_WARN_UNUSED_VARIABLE = YES;
				IPHONEOS_DEPLOYMENT_TARGET = 15.5;
				MTL_ENABLE_DEBUG_INFO = NO;
				MTL_FAST_MATH = YES;
				SDKROOT = iphoneos;
				SWIFT_COMPILATION_MODE = wholemodule;
				SWIFT_OPTIMIZATION_LEVEL = "-O";
				VALIDATE_PRODUCT = YES;
			};
			name = Release;
		};
		B9F7C9CA28459E890028ABC3 /* Debug */ = {
			isa = XCBuildConfiguration;
			buildSettings = {
				ASSETCATALOG_COMPILER_APPICON_NAME = AppIcon;
				ASSETCATALOG_COMPILER_GLOBAL_ACCENT_COLOR_NAME = AccentColor;
				CODE_SIGN_STYLE = Automatic;
				CURRENT_PROJECT_VERSION = 1;
				GENERATE_INFOPLIST_FILE = YES;
				INFOPLIST_FILE = LocalTour/Info.plist;
				INFOPLIST_KEY_UIApplicationSupportsIndirectInputEvents = YES;
				INFOPLIST_KEY_UILaunchStoryboardName = LaunchScreen;
				INFOPLIST_KEY_UIMainStoryboardFile = Main;
				INFOPLIST_KEY_UISupportedInterfaceOrientations_iPad = "UIInterfaceOrientationPortrait UIInterfaceOrientationPortraitUpsideDown UIInterfaceOrientationLandscapeLeft UIInterfaceOrientationLandscapeRight";
				INFOPLIST_KEY_UISupportedInterfaceOrientations_iPhone = "UIInterfaceOrientationPortrait UIInterfaceOrientationLandscapeLeft UIInterfaceOrientationLandscapeRight";
				LD_RUNPATH_SEARCH_PATHS = (
					"$(inherited)",
					"@executable_path/Frameworks",
				);
				MARKETING_VERSION = 1.0;
				PRODUCT_BUNDLE_IDENTIFIER = "PUC-Rio.LocalTour";
				PRODUCT_NAME = "$(TARGET_NAME)";
				SWIFT_EMIT_LOC_STRINGS = YES;
				SWIFT_VERSION = 5.0;
				TARGETED_DEVICE_FAMILY = "1,2";
			};
			name = Debug;
		};
		B9F7C9CB28459E890028ABC3 /* Release */ = {
			isa = XCBuildConfiguration;
			buildSettings = {
				ASSETCATALOG_COMPILER_APPICON_NAME = AppIcon;
				ASSETCATALOG_COMPILER_GLOBAL_ACCENT_COLOR_NAME = AccentColor;
				CODE_SIGN_STYLE = Automatic;
				CURRENT_PROJECT_VERSION = 1;
				GENERATE_INFOPLIST_FILE = YES;
				INFOPLIST_FILE = LocalTour/Info.plist;
				INFOPLIST_KEY_UIApplicationSupportsIndirectInputEvents = YES;
				INFOPLIST_KEY_UILaunchStoryboardName = LaunchScreen;
				INFOPLIST_KEY_UIMainStoryboardFile = Main;
				INFOPLIST_KEY_UISupportedInterfaceOrientations_iPad = "UIInterfaceOrientationPortrait UIInterfaceOrientationPortraitUpsideDown UIInterfaceOrientationLandscapeLeft UIInterfaceOrientationLandscapeRight";
				INFOPLIST_KEY_UISupportedInterfaceOrientations_iPhone = "UIInterfaceOrientationPortrait UIInterfaceOrientationLandscapeLeft UIInterfaceOrientationLandscapeRight";
				LD_RUNPATH_SEARCH_PATHS = (
					"$(inherited)",
					"@executable_path/Frameworks",
				);
				MARKETING_VERSION = 1.0;
				PRODUCT_BUNDLE_IDENTIFIER = "PUC-Rio.LocalTour";
				PRODUCT_NAME = "$(TARGET_NAME)";
				SWIFT_EMIT_LOC_STRINGS = YES;
				SWIFT_VERSION = 5.0;
				TARGETED_DEVICE_FAMILY = "1,2";
			};
			name = Release;
		};
/* End XCBuildConfiguration section */

/* Begin XCConfigurationList section */
		B9F7C9B028459E870028ABC3 /* Build configuration list for PBXProject "LocalTour" */ = {
			isa = XCConfigurationList;
			buildConfigurations = (
				B9F7C9C728459E890028ABC3 /* Debug */,
				B9F7C9C828459E890028ABC3 /* Release */,
			);
			defaultConfigurationIsVisible = 0;
			defaultConfigurationName = Release;
		};
		B9F7C9C928459E890028ABC3 /* Build configuration list for PBXNativeTarget "LocalTour" */ = {
			isa = XCConfigurationList;
			buildConfigurations = (
				B9F7C9CA28459E890028ABC3 /* Debug */,
				B9F7C9CB28459E890028ABC3 /* Release */,
			);
			defaultConfigurationIsVisible = 0;
			defaultConfigurationName = Release;
		};
/* End XCConfigurationList section */
	};
	rootObject = B9F7C9AD28459E870028ABC3 /* Project object */;
}
